
Microsoft Visual Studio Solution File, Format Version 12.00
# Visual Studio Version 16
VisualStudioVersion = 16.0.31613.86
MinimumVisualStudioVersion = 10.0.40219.1
Project("{FAE04EC0-301F-11D3-BF4B-00C04F79EFBC}") = "Task01", "Task01\Task01.csproj", "{B677CB08-D293-4594-B596-28CD66256B03}"
EndProject
Global
	GlobalSection(SolutionConfigurationPlatforms) = preSolution
		Debug|Any CPU = Debug|Any CPU
		Release|Any CPU = Release|Any CPU
	EndGlobalSection
	GlobalSection(ProjectConfigurationPlatforms) = postSolution
		{B677CB08-D293-4594-B596-28CD66256B03}.Debug|Any CPU.ActiveCfg = Debug|Any CPU
		{B677CB08-D293-4594-B596-28CD66256B03}.Debug|Any CPU.Build.0 = Debug|Any CPU
		{B677CB08-D293-4594-B596-28CD66256B03}.Release|Any CPU.ActiveCfg = Release|Any CPU
		{B677CB08-D293-4594-B596-28CD66256B03}.Release|Any CPU.Build.0 = Release|Any CPU
	EndGlobalSection
	GlobalSection(SolutionProperties) = preSolution
		HideSolutionNode = FALSE
	EndGlobalSection
	GlobalSection(ExtensibilityGlobals) = postSolution
		SolutionGuid = {BDA2D330-9277-4D5A-AFFA-FBE40A3A611A}
	EndGlobalSection
EndGlobal
