
Microsoft Visual Studio Solution File, Format Version 12.00
# Visual Studio Version 16
VisualStudioVersion = 16.0.31605.320
MinimumVisualStudioVersion = 10.0.40219.1
Project("{FAE04EC0-301F-11D3-BF4B-00C04F79EFBC}") = "Task01", "Task01\Task01.csproj", "{4F04D591-D265-4A3E-9104-D170C1375F94}"
EndProject
Project("{FAE04EC0-301F-11D3-BF4B-00C04F79EFBC}") = "TaskRequests", "TaskRequests\TaskRequests.csproj", "{15D63976-8D56-4539-AD5B-A025FAD0AB6D}"
EndProject
Project("{FAE04EC0-301F-11D3-BF4B-00C04F79EFBC}") = "TaskRegular2", "TaskRegular2\TaskRegular2.csproj", "{3A2EAAF6-E777-4930-B962-A6F9A1A30EB7}"
EndProject
Project("{FAE04EC0-301F-11D3-BF4B-00C04F79EFBC}") = "TaskRegular3", "TaskRegular3\TaskRegular3.csproj", "{DC1B5CE0-33FD-4C13-A9DB-9D55065A227C}"
EndProject
Project("{FAE04EC0-301F-11D3-BF4B-00C04F79EFBC}") = "TaskRegular4", "TaskRegular4\TaskRegular4.csproj", "{76C122AA-E778-47C5-867C-2504A161A649}"
EndProject
Global
	GlobalSection(SolutionConfigurationPlatforms) = preSolution
		Debug|Any CPU = Debug|Any CPU
		Release|Any CPU = Release|Any CPU
	EndGlobalSection
	GlobalSection(ProjectConfigurationPlatforms) = postSolution
		{4F04D591-D265-4A3E-9104-D170C1375F94}.Debug|Any CPU.ActiveCfg = Debug|Any CPU
		{4F04D591-D265-4A3E-9104-D170C1375F94}.Debug|Any CPU.Build.0 = Debug|Any CPU
		{4F04D591-D265-4A3E-9104-D170C1375F94}.Release|Any CPU.ActiveCfg = Release|Any CPU
		{4F04D591-D265-4A3E-9104-D170C1375F94}.Release|Any CPU.Build.0 = Release|Any CPU
		{15D63976-8D56-4539-AD5B-A025FAD0AB6D}.Debug|Any CPU.ActiveCfg = Debug|Any CPU
		{15D63976-8D56-4539-AD5B-A025FAD0AB6D}.Debug|Any CPU.Build.0 = Debug|Any CPU
		{15D63976-8D56-4539-AD5B-A025FAD0AB6D}.Release|Any CPU.ActiveCfg = Release|Any CPU
		{15D63976-8D56-4539-AD5B-A025FAD0AB6D}.Release|Any CPU.Build.0 = Release|Any CPU
		{3A2EAAF6-E777-4930-B962-A6F9A1A30EB7}.Debug|Any CPU.ActiveCfg = Debug|Any CPU
		{3A2EAAF6-E777-4930-B962-A6F9A1A30EB7}.Debug|Any CPU.Build.0 = Debug|Any CPU
		{3A2EAAF6-E777-4930-B962-A6F9A1A30EB7}.Release|Any CPU.ActiveCfg = Release|Any CPU
		{3A2EAAF6-E777-4930-B962-A6F9A1A30EB7}.Release|Any CPU.Build.0 = Release|Any CPU
		{DC1B5CE0-33FD-4C13-A9DB-9D55065A227C}.Debug|Any CPU.ActiveCfg = Debug|Any CPU
		{DC1B5CE0-33FD-4C13-A9DB-9D55065A227C}.Debug|Any CPU.Build.0 = Debug|Any CPU
		{DC1B5CE0-33FD-4C13-A9DB-9D55065A227C}.Release|Any CPU.ActiveCfg = Release|Any CPU
		{DC1B5CE0-33FD-4C13-A9DB-9D55065A227C}.Release|Any CPU.Build.0 = Release|Any CPU
		{76C122AA-E778-47C5-867C-2504A161A649}.Debug|Any CPU.ActiveCfg = Debug|Any CPU
		{76C122AA-E778-47C5-867C-2504A161A649}.Debug|Any CPU.Build.0 = Debug|Any CPU
		{76C122AA-E778-47C5-867C-2504A161A649}.Release|Any CPU.ActiveCfg = Release|Any CPU
		{76C122AA-E778-47C5-867C-2504A161A649}.Release|Any CPU.Build.0 = Release|Any CPU
	EndGlobalSection
	GlobalSection(SolutionProperties) = preSolution
		HideSolutionNode = FALSE
	EndGlobalSection
	GlobalSection(ExtensibilityGlobals) = postSolution
		SolutionGuid = {91CDEFC7-4661-4D2B-81D6-3F46AAF23F19}
	EndGlobalSection
EndGlobal
