
Microsoft Visual Studio Solution File, Format Version 12.00
# Visual Studio Version 16
VisualStudioVersion = 16.0.31613.86
MinimumVisualStudioVersion = 10.0.40219.1
Project("{FAE04EC0-301F-11D3-BF4B-00C04F79EFBC}") = "Task01", "Task01\Task01.csproj", "{0CD869CD-DF99-4237-995E-12BF616CBF83}"
EndProject
Project("{FAE04EC0-301F-11D3-BF4B-00C04F79EFBC}") = "Task02", "Task02\Task02.csproj", "{3C50D080-613D-477C-A86A-EEF24681D580}"
EndProject
Project("{FAE04EC0-301F-11D3-BF4B-00C04F79EFBC}") = "Task03", "Task03\Task03.csproj", "{D7A38B15-6E7F-49D7-B689-46DB9291D21B}"
EndProject
Project("{FAE04EC0-301F-11D3-BF4B-00C04F79EFBC}") = "Task04", "Task04\Task04.csproj", "{B3972E52-7CB4-4648-8996-B1CC1BB92492}"
EndProject
Project("{FAE04EC0-301F-11D3-BF4B-00C04F79EFBC}") = "Task05", "Task05\Task05.csproj", "{A7E4005F-824F-4DDA-A3EB-731ECD35D86B}"
EndProject
Project("{FAE04EC0-301F-11D3-BF4B-00C04F79EFBC}") = "Task06", "Task06\Task06.csproj", "{DAEF7681-B130-42A5-91A1-FDDE3F8B4555}"
EndProject
Project("{FAE04EC0-301F-11D3-BF4B-00C04F79EFBC}") = "Task07", "Task07\Task07.csproj", "{D92CEC56-6CB1-42D8-AB99-90190E505645}"
EndProject
Global
	GlobalSection(SolutionConfigurationPlatforms) = preSolution
		Debug|Any CPU = Debug|Any CPU
		Release|Any CPU = Release|Any CPU
	EndGlobalSection
	GlobalSection(ProjectConfigurationPlatforms) = postSolution
		{0CD869CD-DF99-4237-995E-12BF616CBF83}.Debug|Any CPU.ActiveCfg = Debug|Any CPU
		{0CD869CD-DF99-4237-995E-12BF616CBF83}.Debug|Any CPU.Build.0 = Debug|Any CPU
		{0CD869CD-DF99-4237-995E-12BF616CBF83}.Release|Any CPU.ActiveCfg = Release|Any CPU
		{0CD869CD-DF99-4237-995E-12BF616CBF83}.Release|Any CPU.Build.0 = Release|Any CPU
		{3C50D080-613D-477C-A86A-EEF24681D580}.Debug|Any CPU.ActiveCfg = Debug|Any CPU
		{3C50D080-613D-477C-A86A-EEF24681D580}.Debug|Any CPU.Build.0 = Debug|Any CPU
		{3C50D080-613D-477C-A86A-EEF24681D580}.Release|Any CPU.ActiveCfg = Release|Any CPU
		{3C50D080-613D-477C-A86A-EEF24681D580}.Release|Any CPU.Build.0 = Release|Any CPU
		{D7A38B15-6E7F-49D7-B689-46DB9291D21B}.Debug|Any CPU.ActiveCfg = Debug|Any CPU
		{D7A38B15-6E7F-49D7-B689-46DB9291D21B}.Debug|Any CPU.Build.0 = Debug|Any CPU
		{D7A38B15-6E7F-49D7-B689-46DB9291D21B}.Release|Any CPU.ActiveCfg = Release|Any CPU
		{D7A38B15-6E7F-49D7-B689-46DB9291D21B}.Release|Any CPU.Build.0 = Release|Any CPU
		{B3972E52-7CB4-4648-8996-B1CC1BB92492}.Debug|Any CPU.ActiveCfg = Debug|Any CPU
		{B3972E52-7CB4-4648-8996-B1CC1BB92492}.Debug|Any CPU.Build.0 = Debug|Any CPU
		{B3972E52-7CB4-4648-8996-B1CC1BB92492}.Release|Any CPU.ActiveCfg = Release|Any CPU
		{B3972E52-7CB4-4648-8996-B1CC1BB92492}.Release|Any CPU.Build.0 = Release|Any CPU
		{A7E4005F-824F-4DDA-A3EB-731ECD35D86B}.Debug|Any CPU.ActiveCfg = Debug|Any CPU
		{A7E4005F-824F-4DDA-A3EB-731ECD35D86B}.Debug|Any CPU.Build.0 = Debug|Any CPU
		{A7E4005F-824F-4DDA-A3EB-731ECD35D86B}.Release|Any CPU.ActiveCfg = Release|Any CPU
		{A7E4005F-824F-4DDA-A3EB-731ECD35D86B}.Release|Any CPU.Build.0 = Release|Any CPU
		{DAEF7681-B130-42A5-91A1-FDDE3F8B4555}.Debug|Any CPU.ActiveCfg = Debug|Any CPU
		{DAEF7681-B130-42A5-91A1-FDDE3F8B4555}.Debug|Any CPU.Build.0 = Debug|Any CPU
		{DAEF7681-B130-42A5-91A1-FDDE3F8B4555}.Release|Any CPU.ActiveCfg = Release|Any CPU
		{DAEF7681-B130-42A5-91A1-FDDE3F8B4555}.Release|Any CPU.Build.0 = Release|Any CPU
		{D92CEC56-6CB1-42D8-AB99-90190E505645}.Debug|Any CPU.ActiveCfg = Debug|Any CPU
		{D92CEC56-6CB1-42D8-AB99-90190E505645}.Debug|Any CPU.Build.0 = Debug|Any CPU
		{D92CEC56-6CB1-42D8-AB99-90190E505645}.Release|Any CPU.ActiveCfg = Release|Any CPU
		{D92CEC56-6CB1-42D8-AB99-90190E505645}.Release|Any CPU.Build.0 = Release|Any CPU
	EndGlobalSection
	GlobalSection(SolutionProperties) = preSolution
		HideSolutionNode = FALSE
	EndGlobalSection
	GlobalSection(ExtensibilityGlobals) = postSolution
		SolutionGuid = {AAC83C0D-91BC-42A5-AD28-0D77F4433942}
	EndGlobalSection
EndGlobal
