
Microsoft Visual Studio Solution File, Format Version 12.00
# Visual Studio Version 16
VisualStudioVersion = 16.0.31613.86
MinimumVisualStudioVersion = 10.0.40219.1
Project("{FAE04EC0-301F-11D3-BF4B-00C04F79EFBC}") = "TaskLinq", "TaskLinq\TaskLinq.csproj", "{D17984BF-B730-4047-AAB2-28F0E09C6B65}"
EndProject
Project("{FAE04EC0-301F-11D3-BF4B-00C04F79EFBC}") = "TaskHW", "TaskHW\TaskHW.csproj", "{876D3293-B200-4832-89E7-1D9E82A7AE65}"
EndProject
Global
	GlobalSection(SolutionConfigurationPlatforms) = preSolution
		Debug|Any CPU = Debug|Any CPU
		Release|Any CPU = Release|Any CPU
	EndGlobalSection
	GlobalSection(ProjectConfigurationPlatforms) = postSolution
		{D17984BF-B730-4047-AAB2-28F0E09C6B65}.Debug|Any CPU.ActiveCfg = Debug|Any CPU
		{D17984BF-B730-4047-AAB2-28F0E09C6B65}.Debug|Any CPU.Build.0 = Debug|Any CPU
		{D17984BF-B730-4047-AAB2-28F0E09C6B65}.Release|Any CPU.ActiveCfg = Release|Any CPU
		{D17984BF-B730-4047-AAB2-28F0E09C6B65}.Release|Any CPU.Build.0 = Release|Any CPU
		{876D3293-B200-4832-89E7-1D9E82A7AE65}.Debug|Any CPU.ActiveCfg = Debug|Any CPU
		{876D3293-B200-4832-89E7-1D9E82A7AE65}.Debug|Any CPU.Build.0 = Debug|Any CPU
		{876D3293-B200-4832-89E7-1D9E82A7AE65}.Release|Any CPU.ActiveCfg = Release|Any CPU
		{876D3293-B200-4832-89E7-1D9E82A7AE65}.Release|Any CPU.Build.0 = Release|Any CPU
	EndGlobalSection
	GlobalSection(SolutionProperties) = preSolution
		HideSolutionNode = FALSE
	EndGlobalSection
	GlobalSection(ExtensibilityGlobals) = postSolution
		SolutionGuid = {325CF910-95A0-4CD8-A3A3-F1743ABB9E8D}
	EndGlobalSection
EndGlobal
