
Microsoft Visual Studio Solution File, Format Version 12.00
# Visual Studio Version 16
VisualStudioVersion = 16.0.31613.86
MinimumVisualStudioVersion = 10.0.40219.1
Project("{FAE04EC0-301F-11D3-BF4B-00C04F79EFBC}") = "Task01", "Task01\Task01.csproj", "{3B92FB43-59CD-4BC0-AB65-B031C3543893}"
EndProject
Project("{FAE04EC0-301F-11D3-BF4B-00C04F79EFBC}") = "Task05", "Task05\Task05.csproj", "{AEA646D9-5D0D-4042-BFA7-3ED7AAE90991}"
EndProject
Global
	GlobalSection(SolutionConfigurationPlatforms) = preSolution
		Debug|Any CPU = Debug|Any CPU
		Release|Any CPU = Release|Any CPU
	EndGlobalSection
	GlobalSection(ProjectConfigurationPlatforms) = postSolution
		{3B92FB43-59CD-4BC0-AB65-B031C3543893}.Debug|Any CPU.ActiveCfg = Debug|Any CPU
		{3B92FB43-59CD-4BC0-AB65-B031C3543893}.Debug|Any CPU.Build.0 = Debug|Any CPU
		{3B92FB43-59CD-4BC0-AB65-B031C3543893}.Release|Any CPU.ActiveCfg = Release|Any CPU
		{3B92FB43-59CD-4BC0-AB65-B031C3543893}.Release|Any CPU.Build.0 = Release|Any CPU
		{AEA646D9-5D0D-4042-BFA7-3ED7AAE90991}.Debug|Any CPU.ActiveCfg = Debug|Any CPU
		{AEA646D9-5D0D-4042-BFA7-3ED7AAE90991}.Debug|Any CPU.Build.0 = Debug|Any CPU
		{AEA646D9-5D0D-4042-BFA7-3ED7AAE90991}.Release|Any CPU.ActiveCfg = Release|Any CPU
		{AEA646D9-5D0D-4042-BFA7-3ED7AAE90991}.Release|Any CPU.Build.0 = Release|Any CPU
	EndGlobalSection
	GlobalSection(SolutionProperties) = preSolution
		HideSolutionNode = FALSE
	EndGlobalSection
	GlobalSection(ExtensibilityGlobals) = postSolution
		SolutionGuid = {DE9CE391-1C95-4FC4-8807-86D79FAFBBD2}
	EndGlobalSection
EndGlobal
