
Microsoft Visual Studio Solution File, Format Version 12.00
# Visual Studio Version 16
VisualStudioVersion = 16.0.31613.86
MinimumVisualStudioVersion = 10.0.40219.1
Project("{FAE04EC0-301F-11D3-BF4B-00C04F79EFBC}") = "TaskProducts", "TaskProducts\TaskProducts.csproj", "{1B99A546-B7B4-4512-9CA6-96A954D57965}"
EndProject
Global
	GlobalSection(SolutionConfigurationPlatforms) = preSolution
		Debug|Any CPU = Debug|Any CPU
		Release|Any CPU = Release|Any CPU
	EndGlobalSection
	GlobalSection(ProjectConfigurationPlatforms) = postSolution
		{1B99A546-B7B4-4512-9CA6-96A954D57965}.Debug|Any CPU.ActiveCfg = Debug|Any CPU
		{1B99A546-B7B4-4512-9CA6-96A954D57965}.Debug|Any CPU.Build.0 = Debug|Any CPU
		{1B99A546-B7B4-4512-9CA6-96A954D57965}.Release|Any CPU.ActiveCfg = Release|Any CPU
		{1B99A546-B7B4-4512-9CA6-96A954D57965}.Release|Any CPU.Build.0 = Release|Any CPU
	EndGlobalSection
	GlobalSection(SolutionProperties) = preSolution
		HideSolutionNode = FALSE
	EndGlobalSection
	GlobalSection(ExtensibilityGlobals) = postSolution
		SolutionGuid = {5F0E3041-BA96-4E26-9E94-A33C938F2139}
	EndGlobalSection
EndGlobal
