
Microsoft Visual Studio Solution File, Format Version 12.00
# Visual Studio Version 16
VisualStudioVersion = 16.0.31613.86
MinimumVisualStudioVersion = 10.0.40219.1
Project("{FAE04EC0-301F-11D3-BF4B-00C04F79EFBC}") = "Task01", "Task01\Task01.csproj", "{1122C120-8CBB-4D0B-815E-37F7DEAD04EB}"
EndProject
Project("{FAE04EC0-301F-11D3-BF4B-00C04F79EFBC}") = "Task02", "Task02\Task02.csproj", "{4FA1D659-23DF-47C3-BD7C-27F3014B3125}"
EndProject
Global
	GlobalSection(SolutionConfigurationPlatforms) = preSolution
		Debug|Any CPU = Debug|Any CPU
		Release|Any CPU = Release|Any CPU
	EndGlobalSection
	GlobalSection(ProjectConfigurationPlatforms) = postSolution
		{1122C120-8CBB-4D0B-815E-37F7DEAD04EB}.Debug|Any CPU.ActiveCfg = Debug|Any CPU
		{1122C120-8CBB-4D0B-815E-37F7DEAD04EB}.Debug|Any CPU.Build.0 = Debug|Any CPU
		{1122C120-8CBB-4D0B-815E-37F7DEAD04EB}.Release|Any CPU.ActiveCfg = Release|Any CPU
		{1122C120-8CBB-4D0B-815E-37F7DEAD04EB}.Release|Any CPU.Build.0 = Release|Any CPU
		{4FA1D659-23DF-47C3-BD7C-27F3014B3125}.Debug|Any CPU.ActiveCfg = Debug|Any CPU
		{4FA1D659-23DF-47C3-BD7C-27F3014B3125}.Debug|Any CPU.Build.0 = Debug|Any CPU
		{4FA1D659-23DF-47C3-BD7C-27F3014B3125}.Release|Any CPU.ActiveCfg = Release|Any CPU
		{4FA1D659-23DF-47C3-BD7C-27F3014B3125}.Release|Any CPU.Build.0 = Release|Any CPU
	EndGlobalSection
	GlobalSection(SolutionProperties) = preSolution
		HideSolutionNode = FALSE
	EndGlobalSection
	GlobalSection(ExtensibilityGlobals) = postSolution
		SolutionGuid = {B564B7D2-DCB2-4060-8855-E1079B321A46}
	EndGlobalSection
EndGlobal
