
Microsoft Visual Studio Solution File, Format Version 12.00
# Visual Studio Version 16
VisualStudioVersion = 16.0.31613.86
MinimumVisualStudioVersion = 10.0.40219.1
Project("{FAE04EC0-301F-11D3-BF4B-00C04F79EFBC}") = "Task01", "Task01\Task01.csproj", "{908E9194-44D1-4B76-BDCF-6C1171139600}"
EndProject
Global
	GlobalSection(SolutionConfigurationPlatforms) = preSolution
		Debug|Any CPU = Debug|Any CPU
		Release|Any CPU = Release|Any CPU
	EndGlobalSection
	GlobalSection(ProjectConfigurationPlatforms) = postSolution
		{908E9194-44D1-4B76-BDCF-6C1171139600}.Debug|Any CPU.ActiveCfg = Debug|Any CPU
		{908E9194-44D1-4B76-BDCF-6C1171139600}.Debug|Any CPU.Build.0 = Debug|Any CPU
		{908E9194-44D1-4B76-BDCF-6C1171139600}.Release|Any CPU.ActiveCfg = Release|Any CPU
		{908E9194-44D1-4B76-BDCF-6C1171139600}.Release|Any CPU.Build.0 = Release|Any CPU
	EndGlobalSection
	GlobalSection(SolutionProperties) = preSolution
		HideSolutionNode = FALSE
	EndGlobalSection
	GlobalSection(ExtensibilityGlobals) = postSolution
		SolutionGuid = {13E02FC8-DDC1-4C6B-A666-92DDEA606ECC}
	EndGlobalSection
EndGlobal
