
Microsoft Visual Studio Solution File, Format Version 12.00
# Visual Studio Version 16
VisualStudioVersion = 16.0.31613.86
MinimumVisualStudioVersion = 10.0.40219.1
Project("{FAE04EC0-301F-11D3-BF4B-00C04F79EFBC}") = "Task06", "Task06\Task06.csproj", "{CAC8244C-3BC3-4537-8AD5-80CA0E27AE29}"
EndProject
Global
	GlobalSection(SolutionConfigurationPlatforms) = preSolution
		Debug|Any CPU = Debug|Any CPU
		Release|Any CPU = Release|Any CPU
	EndGlobalSection
	GlobalSection(ProjectConfigurationPlatforms) = postSolution
		{CAC8244C-3BC3-4537-8AD5-80CA0E27AE29}.Debug|Any CPU.ActiveCfg = Debug|Any CPU
		{CAC8244C-3BC3-4537-8AD5-80CA0E27AE29}.Debug|Any CPU.Build.0 = Debug|Any CPU
		{CAC8244C-3BC3-4537-8AD5-80CA0E27AE29}.Release|Any CPU.ActiveCfg = Release|Any CPU
		{CAC8244C-3BC3-4537-8AD5-80CA0E27AE29}.Release|Any CPU.Build.0 = Release|Any CPU
	EndGlobalSection
	GlobalSection(SolutionProperties) = preSolution
		HideSolutionNode = FALSE
	EndGlobalSection
	GlobalSection(ExtensibilityGlobals) = postSolution
		SolutionGuid = {E98F7BF3-A888-4996-BE0A-836DDEBC361B}
	EndGlobalSection
EndGlobal
