
Microsoft Visual Studio Solution File, Format Version 12.00
# Visual Studio Version 16
VisualStudioVersion = 16.0.31613.86
MinimumVisualStudioVersion = 10.0.40219.1
Project("{FAE04EC0-301F-11D3-BF4B-00C04F79EFBC}") = "TaskStack", "TaskStack\TaskStack.csproj", "{420652F5-2935-49CF-8413-062D7ED936F4}"
EndProject
Project("{FAE04EC0-301F-11D3-BF4B-00C04F79EFBC}") = "Task01", "Task01\Task01.csproj", "{FBDA5549-218F-44C3-8506-33E9C3E1C454}"
EndProject
Global
	GlobalSection(SolutionConfigurationPlatforms) = preSolution
		Debug|Any CPU = Debug|Any CPU
		Release|Any CPU = Release|Any CPU
	EndGlobalSection
	GlobalSection(ProjectConfigurationPlatforms) = postSolution
		{420652F5-2935-49CF-8413-062D7ED936F4}.Debug|Any CPU.ActiveCfg = Debug|Any CPU
		{420652F5-2935-49CF-8413-062D7ED936F4}.Debug|Any CPU.Build.0 = Debug|Any CPU
		{420652F5-2935-49CF-8413-062D7ED936F4}.Release|Any CPU.ActiveCfg = Release|Any CPU
		{420652F5-2935-49CF-8413-062D7ED936F4}.Release|Any CPU.Build.0 = Release|Any CPU
		{FBDA5549-218F-44C3-8506-33E9C3E1C454}.Debug|Any CPU.ActiveCfg = Debug|Any CPU
		{FBDA5549-218F-44C3-8506-33E9C3E1C454}.Debug|Any CPU.Build.0 = Debug|Any CPU
		{FBDA5549-218F-44C3-8506-33E9C3E1C454}.Release|Any CPU.ActiveCfg = Release|Any CPU
		{FBDA5549-218F-44C3-8506-33E9C3E1C454}.Release|Any CPU.Build.0 = Release|Any CPU
	EndGlobalSection
	GlobalSection(SolutionProperties) = preSolution
		HideSolutionNode = FALSE
	EndGlobalSection
	GlobalSection(ExtensibilityGlobals) = postSolution
		SolutionGuid = {17F39320-5855-41E6-BD90-F8A69ED84CBA}
	EndGlobalSection
EndGlobal
