
Microsoft Visual Studio Solution File, Format Version 12.00
# Visual Studio Version 16
VisualStudioVersion = 16.0.31613.86
MinimumVisualStudioVersion = 10.0.40219.1
Project("{FAE04EC0-301F-11D3-BF4B-00C04F79EFBC}") = "TaskPuhShiesty", "TaskPuhShiesty\TaskPuhShiesty.csproj", "{5DD5DDD2-3A5D-4C4B-A379-6A9A373851EE}"
EndProject
Global
	GlobalSection(SolutionConfigurationPlatforms) = preSolution
		Debug|Any CPU = Debug|Any CPU
		Release|Any CPU = Release|Any CPU
	EndGlobalSection
	GlobalSection(ProjectConfigurationPlatforms) = postSolution
		{5DD5DDD2-3A5D-4C4B-A379-6A9A373851EE}.Debug|Any CPU.ActiveCfg = Debug|Any CPU
		{5DD5DDD2-3A5D-4C4B-A379-6A9A373851EE}.Debug|Any CPU.Build.0 = Debug|Any CPU
		{5DD5DDD2-3A5D-4C4B-A379-6A9A373851EE}.Release|Any CPU.ActiveCfg = Release|Any CPU
		{5DD5DDD2-3A5D-4C4B-A379-6A9A373851EE}.Release|Any CPU.Build.0 = Release|Any CPU
	EndGlobalSection
	GlobalSection(SolutionProperties) = preSolution
		HideSolutionNode = FALSE
	EndGlobalSection
	GlobalSection(ExtensibilityGlobals) = postSolution
		SolutionGuid = {7F206742-9C48-4D72-857C-D54AC570E0C0}
	EndGlobalSection
EndGlobal
