
Microsoft Visual Studio Solution File, Format Version 12.00
# Visual Studio Version 16
VisualStudioVersion = 16.0.31613.86
MinimumVisualStudioVersion = 10.0.40219.1
Project("{FAE04EC0-301F-11D3-BF4B-00C04F79EFBC}") = "Task4", "Task4\Task4.csproj", "{D578BE56-5041-45B3-86D9-E50FCD693E14}"
EndProject
Global
	GlobalSection(SolutionConfigurationPlatforms) = preSolution
		Debug|Any CPU = Debug|Any CPU
		Release|Any CPU = Release|Any CPU
	EndGlobalSection
	GlobalSection(ProjectConfigurationPlatforms) = postSolution
		{D578BE56-5041-45B3-86D9-E50FCD693E14}.Debug|Any CPU.ActiveCfg = Debug|Any CPU
		{D578BE56-5041-45B3-86D9-E50FCD693E14}.Debug|Any CPU.Build.0 = Debug|Any CPU
		{D578BE56-5041-45B3-86D9-E50FCD693E14}.Release|Any CPU.ActiveCfg = Release|Any CPU
		{D578BE56-5041-45B3-86D9-E50FCD693E14}.Release|Any CPU.Build.0 = Release|Any CPU
	EndGlobalSection
	GlobalSection(SolutionProperties) = preSolution
		HideSolutionNode = FALSE
	EndGlobalSection
	GlobalSection(ExtensibilityGlobals) = postSolution
		SolutionGuid = {A5BF132B-0673-4D6B-AD7C-BAFD6990CB88}
	EndGlobalSection
EndGlobal
